
Microsoft Visual Studio Solution File, Format Version 12.00
# Visual Studio 15
VisualStudioVersion = 15.0.28010.2003
MinimumVisualStudioVersion = 10.0.40219.1
Project("{9A19103F-16F7-4668-BE54-9A1E7A4F7556}") = "Creational", "Creational\Creational.csproj", "{24B7D837-7D1F-4EA2-8E54-576A9F37410C}"
EndProject
Project("{9A19103F-16F7-4668-BE54-9A1E7A4F7556}") = "DesignPatternsTest", "DesignPatternsTest\DesignPatternsTest.csproj", "{F63D1737-115E-4A55-A8A4-919D3DE3BB3E}"
EndProject
Project("{9A19103F-16F7-4668-BE54-9A1E7A4F7556}") = "Behavioral", "Behavioral\Behavioral.csproj", "{9ADEB858-6951-49BA-9896-9999BC75EFA9}"
EndProject
Project("{2150E333-8FDC-42A3-9474-1A3956D46DE8}") = "src", "src", "{105C14D8-D7B6-4D68-80C0-B29388A074C2}"
EndProject
Project("{FAE04EC0-301F-11D3-BF4B-00C04F79EFBC}") = "Structural", "Structural\Structural.csproj", "{BA8CF587-77CB-46C4-830B-31987129DEA3}"
EndProject
Project("{2150E333-8FDC-42A3-9474-1A3956D46DE8}") = "tests", "tests", "{1F69A92C-BB2A-4717-B351-29AEEAADCE7A}"
EndProject
Global
	GlobalSection(SolutionConfigurationPlatforms) = preSolution
		Debug|Any CPU = Debug|Any CPU
		Release|Any CPU = Release|Any CPU
	EndGlobalSection
	GlobalSection(ProjectConfigurationPlatforms) = postSolution
		{24B7D837-7D1F-4EA2-8E54-576A9F37410C}.Debug|Any CPU.ActiveCfg = Debug|Any CPU
		{24B7D837-7D1F-4EA2-8E54-576A9F37410C}.Debug|Any CPU.Build.0 = Debug|Any CPU
		{24B7D837-7D1F-4EA2-8E54-576A9F37410C}.Release|Any CPU.ActiveCfg = Release|Any CPU
		{24B7D837-7D1F-4EA2-8E54-576A9F37410C}.Release|Any CPU.Build.0 = Release|Any CPU
		{F63D1737-115E-4A55-A8A4-919D3DE3BB3E}.Debug|Any CPU.ActiveCfg = Debug|Any CPU
		{F63D1737-115E-4A55-A8A4-919D3DE3BB3E}.Debug|Any CPU.Build.0 = Debug|Any CPU
		{F63D1737-115E-4A55-A8A4-919D3DE3BB3E}.Release|Any CPU.ActiveCfg = Release|Any CPU
		{F63D1737-115E-4A55-A8A4-919D3DE3BB3E}.Release|Any CPU.Build.0 = Release|Any CPU
		{9ADEB858-6951-49BA-9896-9999BC75EFA9}.Debug|Any CPU.ActiveCfg = Debug|Any CPU
		{9ADEB858-6951-49BA-9896-9999BC75EFA9}.Debug|Any CPU.Build.0 = Debug|Any CPU
		{9ADEB858-6951-49BA-9896-9999BC75EFA9}.Release|Any CPU.ActiveCfg = Release|Any CPU
		{9ADEB858-6951-49BA-9896-9999BC75EFA9}.Release|Any CPU.Build.0 = Release|Any CPU
		{BA8CF587-77CB-46C4-830B-31987129DEA3}.Debug|Any CPU.ActiveCfg = Debug|Any CPU
		{BA8CF587-77CB-46C4-830B-31987129DEA3}.Debug|Any CPU.Build.0 = Debug|Any CPU
		{BA8CF587-77CB-46C4-830B-31987129DEA3}.Release|Any CPU.ActiveCfg = Release|Any CPU
		{BA8CF587-77CB-46C4-830B-31987129DEA3}.Release|Any CPU.Build.0 = Release|Any CPU
	EndGlobalSection
	GlobalSection(SolutionProperties) = preSolution
		HideSolutionNode = FALSE
	EndGlobalSection
	GlobalSection(NestedProjects) = preSolution
		{24B7D837-7D1F-4EA2-8E54-576A9F37410C} = {105C14D8-D7B6-4D68-80C0-B29388A074C2}
		{F63D1737-115E-4A55-A8A4-919D3DE3BB3E} = {1F69A92C-BB2A-4717-B351-29AEEAADCE7A}
		{9ADEB858-6951-49BA-9896-9999BC75EFA9} = {105C14D8-D7B6-4D68-80C0-B29388A074C2}
		{BA8CF587-77CB-46C4-830B-31987129DEA3} = {105C14D8-D7B6-4D68-80C0-B29388A074C2}
	EndGlobalSection
	GlobalSection(ExtensibilityGlobals) = postSolution
		SolutionGuid = {A9AD9856-CDD4-426C-899A-0ADC592D1B2E}
	EndGlobalSection
EndGlobal
