
Microsoft Visual Studio Solution File, Format Version 12.00
# Visual Studio 15
VisualStudioVersion = 15.0.28010.2003
MinimumVisualStudioVersion = 10.0.40219.1
Project("{FAE04EC0-301F-11D3-BF4B-00C04F79EFBC}") = "DesignPatterns", "DesignPatterns\DesignPatterns.csproj", "{AB38C776-2B43-4087-B2E0-AADC0ECE1655}"
EndProject
Project("{FAE04EC0-301F-11D3-BF4B-00C04F79EFBC}") = "Creational", "Creational\Creational.csproj", "{24B7D837-7D1F-4EA2-8E54-576A9F37410C}"
EndProject
Global
	GlobalSection(SolutionConfigurationPlatforms) = preSolution
		Debug|Any CPU = Debug|Any CPU
		Release|Any CPU = Release|Any CPU
	EndGlobalSection
	GlobalSection(ProjectConfigurationPlatforms) = postSolution
		{AB38C776-2B43-4087-B2E0-AADC0ECE1655}.Debug|Any CPU.ActiveCfg = Debug|Any CPU
		{AB38C776-2B43-4087-B2E0-AADC0ECE1655}.Debug|Any CPU.Build.0 = Debug|Any CPU
		{AB38C776-2B43-4087-B2E0-AADC0ECE1655}.Release|Any CPU.ActiveCfg = Release|Any CPU
		{AB38C776-2B43-4087-B2E0-AADC0ECE1655}.Release|Any CPU.Build.0 = Release|Any CPU
		{24B7D837-7D1F-4EA2-8E54-576A9F37410C}.Debug|Any CPU.ActiveCfg = Debug|Any CPU
		{24B7D837-7D1F-4EA2-8E54-576A9F37410C}.Debug|Any CPU.Build.0 = Debug|Any CPU
		{24B7D837-7D1F-4EA2-8E54-576A9F37410C}.Release|Any CPU.ActiveCfg = Release|Any CPU
		{24B7D837-7D1F-4EA2-8E54-576A9F37410C}.Release|Any CPU.Build.0 = Release|Any CPU
	EndGlobalSection
	GlobalSection(SolutionProperties) = preSolution
		HideSolutionNode = FALSE
	EndGlobalSection
	GlobalSection(ExtensibilityGlobals) = postSolution
		SolutionGuid = {A9AD9856-CDD4-426C-899A-0ADC592D1B2E}
	EndGlobalSection
EndGlobal
